
Microsoft Visual Studio Solution File, Format Version 12.00
# Visual Studio 15
VisualStudioVersion = 15.0.27729.1
MinimumVisualStudioVersion = 10.0.40219.1
Project("{9A19103F-16F7-4668-BE54-9A1E7A4F7556}") = "AzureMessagingExplorerWorker", "AzureMessagingExplorerWorker.csproj", "{16DB270E-57D2-44F8-949C-08993C1FFE6F}"
EndProject
Global
	GlobalSection(SolutionConfigurationPlatforms) = preSolution
		Debug|Any CPU = Debug|Any CPU
		Release|Any CPU = Release|Any CPU
	EndGlobalSection
	GlobalSection(ProjectConfigurationPlatforms) = postSolution
		{16DB270E-57D2-44F8-949C-08993C1FFE6F}.Debug|Any CPU.ActiveCfg = Debug|Any CPU
		{16DB270E-57D2-44F8-949C-08993C1FFE6F}.Debug|Any CPU.Build.0 = Debug|Any CPU
		{16DB270E-57D2-44F8-949C-08993C1FFE6F}.Release|Any CPU.ActiveCfg = Release|Any CPU
		{16DB270E-57D2-44F8-949C-08993C1FFE6F}.Release|Any CPU.Build.0 = Release|Any CPU
	EndGlobalSection
	GlobalSection(SolutionProperties) = preSolution
		HideSolutionNode = FALSE
	EndGlobalSection
	GlobalSection(ExtensibilityGlobals) = postSolution
		SolutionGuid = {7C156E96-53D3-40E5-8E07-644D95647FDC}
	EndGlobalSection
EndGlobal
